
Microsoft Visual Studio Solution File, Format Version 12.00
# Visual Studio Version 16
VisualStudioVersion = 16.0.31105.61
MinimumVisualStudioVersion = 10.0.40219.1
Project("{FAE04EC0-301F-11D3-BF4B-00C04F79EFBC}") = "WebApi", "WebApi\WebApi.csproj", "{80F2C3F2-026B-4471-B247-3BAB04273237}"
EndProject
Project("{FAE04EC0-301F-11D3-BF4B-00C04F79EFBC}") = "WebApp", "WebApp\WebApp.csproj", "{13DB12F5-7FEA-406A-9048-0668EAD030FF}"
EndProject
Global
	GlobalSection(SolutionConfigurationPlatforms) = preSolution
		Debug|Any CPU = Debug|Any CPU
		Release|Any CPU = Release|Any CPU
	EndGlobalSection
	GlobalSection(ProjectConfigurationPlatforms) = postSolution
		{80F2C3F2-026B-4471-B247-3BAB04273237}.Debug|Any CPU.ActiveCfg = Debug|Any CPU
		{80F2C3F2-026B-4471-B247-3BAB04273237}.Debug|Any CPU.Build.0 = Debug|Any CPU
		{80F2C3F2-026B-4471-B247-3BAB04273237}.Release|Any CPU.ActiveCfg = Release|Any CPU
		{80F2C3F2-026B-4471-B247-3BAB04273237}.Release|Any CPU.Build.0 = Release|Any CPU
		{13DB12F5-7FEA-406A-9048-0668EAD030FF}.Debug|Any CPU.ActiveCfg = Debug|Any CPU
		{13DB12F5-7FEA-406A-9048-0668EAD030FF}.Debug|Any CPU.Build.0 = Debug|Any CPU
		{13DB12F5-7FEA-406A-9048-0668EAD030FF}.Release|Any CPU.ActiveCfg = Release|Any CPU
		{13DB12F5-7FEA-406A-9048-0668EAD030FF}.Release|Any CPU.Build.0 = Release|Any CPU
	EndGlobalSection
	GlobalSection(SolutionProperties) = preSolution
		HideSolutionNode = FALSE
	EndGlobalSection
	GlobalSection(ExtensibilityGlobals) = postSolution
		SolutionGuid = {732B81A5-7F61-45B1-9D98-86A46E512B8F}
	EndGlobalSection
EndGlobal
